{
  "version": 4,
  "terraform_version": "1.5.7",
  "serial": 149,
  "lineage": "6849f907-1e66-9a9c-4cc3-3e888b0e73c9",
  "outputs": {
    "external_ip_address_srv": {
      "value": [
        "158.160.46.91"
      ],
      "type": [
        "tuple",
        [
          "string"
        ]
      ]
    }
  },
  "resources": [
    {
      "mode": "managed",
      "type": "null_resource",
      "name": "srv",
      "provider": "provider[\"registry.terraform.io/hashicorp/null\"]",
      "instances": [
        {
          "schema_version": 0,
          "attributes": {
            "id": "8740904955799400851",
            "triggers": null
          },
          "sensitive_attributes": [],
          "dependencies": [
            "yandex_compute_instance.srv"
          ]
        }
      ]
    },
    {
      "mode": "managed",
      "type": "yandex_compute_instance",
      "name": "srv",
      "provider": "provider[\"registry.terraform.io/yandex-cloud/yandex\"]",
      "instances": [
        {
          "schema_version": 1,
          "attributes": {
            "allow_recreate": null,
            "allow_stopping_for_update": null,
            "boot_disk": [
              {
                "auto_delete": true,
                "device_name": "fhm71qjq590388lnr35t",
                "disk_id": "fhm71qjq590388lnr35t",
                "initialize_params": [
                  {
                    "block_size": 4096,
                    "description": "",
                    "image_id": "fd8athleo3m2ns0c489e",
                    "name": "",
                    "size": 30,
                    "snapshot_id": "",
                    "type": "network-ssd"
                  }
                ],
                "mode": "READ_WRITE"
              }
            ],
            "created_at": "2024-05-11T08:14:29Z",
            "description": "",
            "filesystem": [],
            "folder_id": "b1go08ncenlj430ni1rd",
            "fqdn": "srv.ru-central1.internal",
            "gpu_cluster_id": "",
            "hostname": "srv",
            "id": "fhm8fp2mg6pcf7p8i8hu",
            "labels": null,
            "local_disk": [],
            "maintenance_grace_period": "",
            "maintenance_policy": null,
            "metadata": {
              "serial-port-enable": "1",
              "ssh-keys": "ubuntu:ssh-rsa AAAAB3NzaC1yc2EAAAADAQABAAABgQDCkzMsttMmGECu6+0Q2VlAasZ6Qk+5Ra+PDIkwMcIWNai5UXEDWCoTJsos1EABFQf/z4l2ZS4hOMuBtr6PZEAPgPKSWR5jMlqmOIRIiYJneidlVbTCFq6lOTmn5KYiU8dbOxdEf7f5CKf3FiG8czByJI+IPU8l8gusav9y/6skcR9YWMJWt7IlZqZ/DtYtM2yEve+hDJ3jDI8XXtzy08rddHqhXPTM0HuLjvnqRoLTDW6R2BOrTEyhOvxmjPh14nSZhgJ7bcaVWdpqT5PYJTQZHXR3qe2BQ/fTe58GDcn2mQKOfCwxtxwLFM5QhqpvIp3/Pwkr7GOWuuUX3+x21/M7eyuLYK6zvPF8JZVsVNeatTY31fLbC57YZ1IfxAHSa6TfvjVr8aYU5yJ9L1TvZM0ilJsjjaufrCOTAWUoos34OdDdrmHu47ql4rvyeX0HgVs8MeKvGi7zg5sdJIULu15KSlEzcqj0lA978xaNCJ3yENxyTll+UDpqn552Xj44I6E= o_romanovna@MacBook-Air-Olga.local\n"
            },
            "metadata_options": [
              {
                "aws_v1_http_endpoint": 1,
                "aws_v1_http_token": 2,
                "gce_http_endpoint": 1,
                "gce_http_token": 1
              }
            ],
            "name": "srv",
            "network_acceleration_type": "standard",
            "network_interface": [
              {
                "dns_record": [],
                "index": 0,
                "ip_address": "10.128.0.34",
                "ipv4": true,
                "ipv6": false,
                "ipv6_address": "",
                "ipv6_dns_record": [],
                "mac_address": "d0:0d:87:e4:56:81",
                "nat": true,
                "nat_dns_record": [],
                "nat_ip_address": "158.160.46.91",
                "nat_ip_version": "IPV4",
                "security_group_ids": [],
                "subnet_id": "e9brku5q867bppdg83oj"
              }
            ],
            "placement_policy": [
              {
                "host_affinity_rules": [],
                "placement_group_id": "",
                "placement_group_partition": 0
              }
            ],
            "platform_id": "standard-v1",
            "resources": [
              {
                "core_fraction": 100,
                "cores": 4,
                "gpus": 0,
                "memory": 12
              }
            ],
            "scheduling_policy": [
              {
                "preemptible": false
              }
            ],
            "secondary_disk": [],
            "service_account_id": "",
            "status": "running",
            "timeouts": null,
            "zone": "ru-central1-a"
          },
          "sensitive_attributes": [],
          "private": "eyJlMmJmYjczMC1lY2FhLTExZTYtOGY4OC0zNDM2M2JjN2M0YzAiOnsiY3JlYXRlIjozMDAwMDAwMDAwMDAsImRlbGV0ZSI6MzAwMDAwMDAwMDAwLCJ1cGRhdGUiOjMwMDAwMDAwMDAwMH0sInNjaGVtYV92ZXJzaW9uIjoiMSJ9"
        }
      ]
    },
    {
      "mode": "managed",
      "type": "yandex_iam_service_account",
      "name": "o-romanovna-diplom",
      "provider": "provider[\"registry.terraform.io/yandex-cloud/yandex\"]",
      "instances": [
        {
          "schema_version": 0,
          "attributes": {
            "created_at": "2024-05-08T07:29:37Z",
            "description": "",
            "folder_id": "b1go08ncenlj430ni1rd",
            "id": "ajeeitq2n9t1uuj446tp",
            "name": "o-romanovna-diplom",
            "timeouts": null
          },
          "sensitive_attributes": [],
          "private": "eyJlMmJmYjczMC1lY2FhLTExZTYtOGY4OC0zNDM2M2JjN2M0YzAiOnsiY3JlYXRlIjo2MDAwMDAwMDAwMCwiZGVsZXRlIjo2MDAwMDAwMDAwMCwidXBkYXRlIjo2MDAwMDAwMDAwMH19"
        }
      ]
    },
    {
      "mode": "managed",
      "type": "yandex_iam_service_account_static_access_key",
      "name": "static-access-key",
      "provider": "provider[\"registry.terraform.io/yandex-cloud/yandex\"]",
      "instances": [
        {
          "schema_version": 0,
          "attributes": {
            "access_key": "YCAJEbxpVxVEfOUKTohLAHJ3q",
            "created_at": "2024-05-08T07:29:39Z",
            "description": "",
            "encrypted_secret_key": null,
            "id": "aje7mhj1i4u5n8tnteir",
            "key_fingerprint": null,
            "pgp_key": null,
            "secret_key": "YCOTu2RVe55MYFJXyDmflJsTVl2Tp5vEw-3rbTQK",
            "service_account_id": "ajeeitq2n9t1uuj446tp"
          },
          "sensitive_attributes": [],
          "private": "bnVsbA==",
          "dependencies": [
            "yandex_iam_service_account.o-romanovna-diplom"
          ]
        }
      ]
    },
    {
      "mode": "managed",
      "type": "yandex_resourcemanager_folder_iam_member",
      "name": "o-romanovna-diplom-admin",
      "provider": "provider[\"registry.terraform.io/yandex-cloud/yandex\"]",
      "instances": [
        {
          "schema_version": 0,
          "attributes": {
            "folder_id": "b1go08ncenlj430ni1rd",
            "id": "b1go08ncenlj430ni1rd/admin/serviceAccount:ajeeitq2n9t1uuj446tp",
            "member": "serviceAccount:ajeeitq2n9t1uuj446tp",
            "role": "admin",
            "sleep_after": null,
            "timeouts": null
          },
          "sensitive_attributes": [],
          "private": "eyJlMmJmYjczMC1lY2FhLTExZTYtOGY4OC0zNDM2M2JjN2M0YzAiOnsiY3JlYXRlIjo2MDAwMDAwMDAwMCwiZGVmYXVsdCI6NjAwMDAwMDAwMDAsImRlbGV0ZSI6NjAwMDAwMDAwMDAsInJlYWQiOjYwMDAwMDAwMDAwLCJ1cGRhdGUiOjYwMDAwMDAwMDAwfX0=",
          "dependencies": [
            "yandex_iam_service_account.o-romanovna-diplom"
          ]
        }
      ]
    }
  ],
  "check_results": null
}
